
Microsoft Visual Studio Solution File, Format Version 12.00
# Visual Studio Version 17
VisualStudioVersion = 17.7.34031.279
MinimumVisualStudioVersion = 10.0.40219.1
Project("{FAE04EC0-301F-11D3-BF4B-00C04F79EFBC}") = "18 bulma-836", "18 bulma-836\18 bulma-836.csproj", "{758C4685-871D-4DE3-92BD-73B1B77F6C3E}"
EndProject
Global
	GlobalSection(SolutionConfigurationPlatforms) = preSolution
		Debug|Any CPU = Debug|Any CPU
		Release|Any CPU = Release|Any CPU
	EndGlobalSection
	GlobalSection(ProjectConfigurationPlatforms) = postSolution
		{758C4685-871D-4DE3-92BD-73B1B77F6C3E}.Debug|Any CPU.ActiveCfg = Debug|Any CPU
		{758C4685-871D-4DE3-92BD-73B1B77F6C3E}.Debug|Any CPU.Build.0 = Debug|Any CPU
		{758C4685-871D-4DE3-92BD-73B1B77F6C3E}.Release|Any CPU.ActiveCfg = Release|Any CPU
		{758C4685-871D-4DE3-92BD-73B1B77F6C3E}.Release|Any CPU.Build.0 = Release|Any CPU
	EndGlobalSection
	GlobalSection(SolutionProperties) = preSolution
		HideSolutionNode = FALSE
	EndGlobalSection
	GlobalSection(ExtensibilityGlobals) = postSolution
		SolutionGuid = {B5E5D85C-7FA4-4C31-B8EE-960868BD4C4E}
	EndGlobalSection
EndGlobal
